// !$*UTF8*$!
{
	archiveVersion = 1;
	classes = {
	};
	objectVersion = 56;
	objects = {

/* Begin PBXBuildFile section */
		554A12B12CA055FF0056B383 /* AppDelegate.swift in Sources */ = {isa = PBXBuildFile; fileRef = 554A12B02CA055FF0056B383 /* AppDelegate.swift */; };
		554A12B32CA055FF0056B383 /* RootView.swift in Sources */ = {isa = PBXBuildFile; fileRef = 554A12B22CA055FF0056B383 /* RootView.swift */; };
		554A12B52CA056000056B383 /* Assets.xcassets in Resources */ = {isa = PBXBuildFile; fileRef = 554A12B42CA056000056B383 /* Assets.xcassets */; };
		554A12B82CA056000056B383 /* Preview Assets.xcassets in Resources */ = {isa = PBXBuildFile; fileRef = 554A12B72CA056000056B383 /* Preview Assets.xcassets */; };
		554A12BF2CA0775F0056B383 /* ModelSetupView.swift in Sources */ = {isa = PBXBuildFile; fileRef = 554A12BE2CA0775F0056B383 /* ModelSetupView.swift */; };
		554A12C12CA0777A0056B383 /* InspectionView.swift in Sources */ = {isa = PBXBuildFile; fileRef = 554A12C02CA0777A0056B383 /* InspectionView.swift */; };
		554A12DF2CA2C2730056B383 /* ModelAlignView.swift in Sources */ = {isa = PBXBuildFile; fileRef = 554A12DE2CA2C2730056B383 /* ModelAlignView.swift */; };
		554A12E22CA349230056B383 /* ModelSetupView+File.swift in Sources */ = {isa = PBXBuildFile; fileRef = 554A12E12CA349230056B383 /* ModelSetupView+File.swift */; };
		554A12E62CA34E370056B383 /* ModelPreview.swift in Sources */ = {isa = PBXBuildFile; fileRef = 554A12E52CA34E370056B383 /* ModelPreview.swift */; };
		554A12EC2CA433320056B383 /* Alamofire in Frameworks */ = {isa = PBXBuildFile; productRef = 554A12EB2CA433320056B383 /* Alamofire */; };
/* End PBXBuildFile section */

/* Begin PBXFileReference section */
		554A12AD2CA055FF0056B383 /* InspectAR.app */ = {isa = PBXFileReference; explicitFileType = wrapper.application; includeInIndex = 0; path = InspectAR.app; sourceTree = BUILT_PRODUCTS_DIR; };
		554A12B02CA055FF0056B383 /* AppDelegate.swift */ = {isa = PBXFileReference; lastKnownFileType = sourcecode.swift; path = AppDelegate.swift; sourceTree = "<group>"; };
		554A12B22CA055FF0056B383 /* RootView.swift */ = {isa = PBXFileReference; lastKnownFileType = sourcecode.swift; path = RootView.swift; sourceTree = "<group>"; };
		554A12B42CA056000056B383 /* Assets.xcassets */ = {isa = PBXFileReference; lastKnownFileType = folder.assetcatalog; path = Assets.xcassets; sourceTree = "<group>"; };
		554A12B72CA056000056B383 /* Preview Assets.xcassets */ = {isa = PBXFileReference; lastKnownFileType = folder.assetcatalog; path = "Preview Assets.xcassets"; sourceTree = "<group>"; };
		554A12BE2CA0775F0056B383 /* ModelSetupView.swift */ = {isa = PBXFileReference; lastKnownFileType = sourcecode.swift; path = ModelSetupView.swift; sourceTree = "<group>"; };
		554A12C02CA0777A0056B383 /* InspectionView.swift */ = {isa = PBXFileReference; lastKnownFileType = sourcecode.swift; path = InspectionView.swift; sourceTree = "<group>"; };
		554A12DE2CA2C2730056B383 /* ModelAlignView.swift */ = {isa = PBXFileReference; lastKnownFileType = sourcecode.swift; path = ModelAlignView.swift; sourceTree = "<group>"; };
		554A12E12CA349230056B383 /* ModelSetupView+File.swift */ = {isa = PBXFileReference; lastKnownFileType = sourcecode.swift; path = "ModelSetupView+File.swift"; sourceTree = "<group>"; };
		554A12E52CA34E370056B383 /* ModelPreview.swift */ = {isa = PBXFileReference; lastKnownFileType = sourcecode.swift; path = ModelPreview.swift; sourceTree = "<group>"; };
		554A12E82CA36EB80056B383 /* Info.plist */ = {isa = PBXFileReference; fileEncoding = 4; lastKnownFileType = text.plist.xml; name = Info.plist; path = InspectAR/Info.plist; sourceTree = "<group>"; };
/* End PBXFileReference section */

/* Begin PBXFrameworksBuildPhase section */
		554A12AA2CA055FF0056B383 /* Frameworks */ = {
			isa = PBXFrameworksBuildPhase;
			buildActionMask = 2147483647;
			files = (
				554A12EC2CA433320056B383 /* Alamofire in Frameworks */,
			);
			runOnlyForDeploymentPostprocessing = 0;
		};
/* End PBXFrameworksBuildPhase section */

/* Begin PBXGroup section */
		554A12A42CA055FF0056B383 = {
			isa = PBXGroup;
			children = (
				554A12E82CA36EB80056B383 /* Info.plist */,
				554A12AF2CA055FF0056B383 /* InspectAR */,
				554A12AE2CA055FF0056B383 /* Products */,
			);
			sourceTree = "<group>";
		};
		554A12AE2CA055FF0056B383 /* Products */ = {
			isa = PBXGroup;
			children = (
				554A12AD2CA055FF0056B383 /* InspectAR.app */,
			);
			name = Products;
			sourceTree = "<group>";
		};
		554A12AF2CA055FF0056B383 /* InspectAR */ = {
			isa = PBXGroup;
			children = (
				554A12B02CA055FF0056B383 /* AppDelegate.swift */,
				554A12B22CA055FF0056B383 /* RootView.swift */,
				554A12E02CA3490C0056B383 /* SetupView */,
				554A12E32CA34D720056B383 /* AlignView */,
				554A12E42CA34D7A0056B383 /* InspectView */,
				554A12B42CA056000056B383 /* Assets.xcassets */,
				554A12B62CA056000056B383 /* Preview Content */,
			);
			path = InspectAR;
			sourceTree = "<group>";
		};
		554A12B62CA056000056B383 /* Preview Content */ = {
			isa = PBXGroup;
			children = (
				554A12B72CA056000056B383 /* Preview Assets.xcassets */,
			);
			path = "Preview Content";
			sourceTree = "<group>";
		};
		554A12E02CA3490C0056B383 /* SetupView */ = {
			isa = PBXGroup;
			children = (
				554A12BE2CA0775F0056B383 /* ModelSetupView.swift */,
				554A12E12CA349230056B383 /* ModelSetupView+File.swift */,
				554A12E52CA34E370056B383 /* ModelPreview.swift */,
			);
			path = SetupView;
			sourceTree = "<group>";
		};
		554A12E32CA34D720056B383 /* AlignView */ = {
			isa = PBXGroup;
			children = (
				554A12DE2CA2C2730056B383 /* ModelAlignView.swift */,
			);
			path = AlignView;
			sourceTree = "<group>";
		};
		554A12E42CA34D7A0056B383 /* InspectView */ = {
			isa = PBXGroup;
			children = (
				554A12C02CA0777A0056B383 /* InspectionView.swift */,
			);
			path = InspectView;
			sourceTree = "<group>";
		};
/* End PBXGroup section */

/* Begin PBXNativeTarget section */
		554A12AC2CA055FF0056B383 /* InspectAR */ = {
			isa = PBXNativeTarget;
			buildConfigurationList = 554A12BB2CA056000056B383 /* Build configuration list for PBXNativeTarget "InspectAR" */;
			buildPhases = (
				554A12A92CA055FF0056B383 /* Sources */,
				554A12AA2CA055FF0056B383 /* Frameworks */,
				554A12AB2CA055FF0056B383 /* Resources */,
			);
			buildRules = (
			);
			dependencies = (
			);
			name = InspectAR;
			packageProductDependencies = (
				554A12EB2CA433320056B383 /* Alamofire */,
			);
			productName = InspectAR;
			productReference = 554A12AD2CA055FF0056B383 /* InspectAR.app */;
			productType = "com.apple.product-type.application";
		};
/* End PBXNativeTarget section */

/* Begin PBXProject section */
		554A12A52CA055FF0056B383 /* Project object */ = {
			isa = PBXProject;
			attributes = {
				BuildIndependentTargetsInParallel = 1;
				LastSwiftUpdateCheck = 1520;
				LastUpgradeCheck = 1520;
				TargetAttributes = {
					554A12AC2CA055FF0056B383 = {
						CreatedOnToolsVersion = 15.2;
					};
				};
			};
			buildConfigurationList = 554A12A82CA055FF0056B383 /* Build configuration list for PBXProject "InspectAR" */;
			compatibilityVersion = "Xcode 14.0";
			developmentRegion = en;
			hasScannedForEncodings = 0;
			knownRegions = (
				en,
				Base,
			);
			mainGroup = 554A12A42CA055FF0056B383;
			packageReferences = (
				554A12EA2CA433320056B383 /* XCRemoteSwiftPackageReference "Alamofire" */,
			);
			productRefGroup = 554A12AE2CA055FF0056B383 /* Products */;
			projectDirPath = "";
			projectRoot = "";
			targets = (
				554A12AC2CA055FF0056B383 /* InspectAR */,
			);
		};
/* End PBXProject section */

/* Begin PBXResourcesBuildPhase section */
		554A12AB2CA055FF0056B383 /* Resources */ = {
			isa = PBXResourcesBuildPhase;
			buildActionMask = 2147483647;
			files = (
				554A12B82CA056000056B383 /* Preview Assets.xcassets in Resources */,
				554A12B52CA056000056B383 /* Assets.xcassets in Resources */,
			);
			runOnlyForDeploymentPostprocessing = 0;
		};
/* End PBXResourcesBuildPhase section */

/* Begin PBXSourcesBuildPhase section */
		554A12A92CA055FF0056B383 /* Sources */ = {
			isa = PBXSourcesBuildPhase;
			buildActionMask = 2147483647;
			files = (
				554A12BF2CA0775F0056B383 /* ModelSetupView.swift in Sources */,
				554A12DF2CA2C2730056B383 /* ModelAlignView.swift in Sources */,
				554A12B32CA055FF0056B383 /* RootView.swift in Sources */,
				554A12E62CA34E370056B383 /* ModelPreview.swift in Sources */,
				554A12C12CA0777A0056B383 /* InspectionView.swift in Sources */,
				554A12E22CA349230056B383 /* ModelSetupView+File.swift in Sources */,
				554A12B12CA055FF0056B383 /* AppDelegate.swift in Sources */,
			);
			runOnlyForDeploymentPostprocessing = 0;
		};
/* End PBXSourcesBuildPhase section */

/* Begin XCBuildConfiguration section */
		554A12B92CA056000056B383 /* Debug */ = {
			isa = XCBuildConfiguration;
			buildSettings = {
				ALWAYS_SEARCH_USER_PATHS = NO;
				ASSETCATALOG_COMPILER_GENERATE_SWIFT_ASSET_SYMBOL_EXTENSIONS = YES;
				CLANG_ANALYZER_NONNULL = YES;
				CLANG_ANALYZER_NUMBER_OBJECT_CONVERSION = YES_AGGRESSIVE;
				CLANG_CXX_LANGUAGE_STANDARD = "gnu++20";
				CLANG_ENABLE_MODULES = YES;
				CLANG_ENABLE_OBJC_ARC = YES;
				CLANG_ENABLE_OBJC_WEAK = YES;
				CLANG_WARN_BLOCK_CAPTURE_AUTORELEASING = YES;
				CLANG_WARN_BOOL_CONVERSION = YES;
				CLANG_WARN_COMMA = YES;
				CLANG_WARN_CONSTANT_CONVERSION = YES;
				CLANG_WARN_DEPRECATED_OBJC_IMPLEMENTATIONS = YES;
				CLANG_WARN_DIRECT_OBJC_ISA_USAGE = YES_ERROR;
				CLANG_WARN_DOCUMENTATION_COMMENTS = YES;
				CLANG_WARN_EMPTY_BODY = YES;
				CLANG_WARN_ENUM_CONVERSION = YES;
				CLANG_WARN_INFINITE_RECURSION = YES;
				CLANG_WARN_INT_CONVERSION = YES;
				CLANG_WARN_NON_LITERAL_NULL_CONVERSION = YES;
				CLANG_WARN_OBJC_IMPLICIT_RETAIN_SELF = YES;
				CLANG_WARN_OBJC_LITERAL_CONVERSION = YES;
				CLANG_WARN_OBJC_ROOT_CLASS = YES_ERROR;
				CLANG_WARN_QUOTED_INCLUDE_IN_FRAMEWORK_HEADER = YES;
				CLANG_WARN_RANGE_LOOP_ANALYSIS = YES;
				CLANG_WARN_STRICT_PROTOTYPES = YES;
				CLANG_WARN_SUSPICIOUS_MOVE = YES;
				CLANG_WARN_UNGUARDED_AVAILABILITY = YES_AGGRESSIVE;
				CLANG_WARN_UNREACHABLE_CODE = YES;
				CLANG_WARN__DUPLICATE_METHOD_MATCH = YES;
				COPY_PHASE_STRIP = NO;
				DEBUG_INFORMATION_FORMAT = dwarf;
				ENABLE_STRICT_OBJC_MSGSEND = YES;
				ENABLE_TESTABILITY = YES;
				ENABLE_USER_SCRIPT_SANDBOXING = YES;
				GCC_C_LANGUAGE_STANDARD = gnu17;
				GCC_DYNAMIC_NO_PIC = NO;
				GCC_NO_COMMON_BLOCKS = YES;
				GCC_OPTIMIZATION_LEVEL = 0;
				GCC_PREPROCESSOR_DEFINITIONS = (
					"DEBUG=1",
					"$(inherited)",
				);
				GCC_WARN_64_TO_32_BIT_CONVERSION = YES;
				GCC_WARN_ABOUT_RETURN_TYPE = YES_ERROR;
				GCC_WARN_UNDECLARED_SELECTOR = YES;
				GCC_WARN_UNINITIALIZED_AUTOS = YES_AGGRESSIVE;
				GCC_WARN_UNUSED_FUNCTION = YES;
				GCC_WARN_UNUSED_VARIABLE = YES;
				IPHONEOS_DEPLOYMENT_TARGET = 17.2;
				LOCALIZATION_PREFERS_STRING_CATALOGS = YES;
				MTL_ENABLE_DEBUG_INFO = INCLUDE_SOURCE;
				MTL_FAST_MATH = YES;
				ONLY_ACTIVE_ARCH = YES;
				SDKROOT = iphoneos;
				SWIFT_ACTIVE_COMPILATION_CONDITIONS = "DEBUG $(inherited)";
				SWIFT_OPTIMIZATION_LEVEL = "-Onone";
			};
			name = Debug;
		};
		554A12BA2CA056000056B383 /* Release */ = {
			isa = XCBuildConfiguration;
			buildSettings = {
				ALWAYS_SEARCH_USER_PATHS = NO;
				ASSETCATALOG_COMPILER_GENERATE_SWIFT_ASSET_SYMBOL_EXTENSIONS = YES;
				CLANG_ANALYZER_NONNULL = YES;
				CLANG_ANALYZER_NUMBER_OBJECT_CONVERSION = YES_AGGRESSIVE;
				CLANG_CXX_LANGUAGE_STANDARD = "gnu++20";
				CLANG_ENABLE_MODULES = YES;
				CLANG_ENABLE_OBJC_ARC = YES;
				CLANG_ENABLE_OBJC_WEAK = YES;
				CLANG_WARN_BLOCK_CAPTURE_AUTORELEASING = YES;
				CLANG_WARN_BOOL_CONVERSION = YES;
				CLANG_WARN_COMMA = YES;
				CLANG_WARN_CONSTANT_CONVERSION = YES;
				CLANG_WARN_DEPRECATED_OBJC_IMPLEMENTATIONS = YES;
				CLANG_WARN_DIRECT_OBJC_ISA_USAGE = YES_ERROR;
				CLANG_WARN_DOCUMENTATION_COMMENTS = YES;
				CLANG_WARN_EMPTY_BODY = YES;
				CLANG_WARN_ENUM_CONVERSION = YES;
				CLANG_WARN_INFINITE_RECURSION = YES;
				CLANG_WARN_INT_CONVERSION = YES;
				CLANG_WARN_NON_LITERAL_NULL_CONVERSION = YES;
				CLANG_WARN_OBJC_IMPLICIT_RETAIN_SELF = YES;
				CLANG_WARN_OBJC_LITERAL_CONVERSION = YES;
				CLANG_WARN_OBJC_ROOT_CLASS = YES_ERROR;
				CLANG_WARN_QUOTED_INCLUDE_IN_FRAMEWORK_HEADER = YES;
				CLANG_WARN_RANGE_LOOP_ANALYSIS = YES;
				CLANG_WARN_STRICT_PROTOTYPES = YES;
				CLANG_WARN_SUSPICIOUS_MOVE = YES;
				CLANG_WARN_UNGUARDED_AVAILABILITY = YES_AGGRESSIVE;
				CLANG_WARN_UNREACHABLE_CODE = YES;
				CLANG_WARN__DUPLICATE_METHOD_MATCH = YES;
				COPY_PHASE_STRIP = NO;
				DEBUG_INFORMATION_FORMAT = "dwarf-with-dsym";
				ENABLE_NS_ASSERTIONS = NO;
				ENABLE_STRICT_OBJC_MSGSEND = YES;
				ENABLE_USER_SCRIPT_SANDBOXING = YES;
				GCC_C_LANGUAGE_STANDARD = gnu17;
				GCC_NO_COMMON_BLOCKS = YES;
				GCC_WARN_64_TO_32_BIT_CONVERSION = YES;
				GCC_WARN_ABOUT_RETURN_TYPE = YES_ERROR;
				GCC_WARN_UNDECLARED_SELECTOR = YES;
				GCC_WARN_UNINITIALIZED_AUTOS = YES_AGGRESSIVE;
				GCC_WARN_UNUSED_FUNCTION = YES;
				GCC_WARN_UNUSED_VARIABLE = YES;
				IPHONEOS_DEPLOYMENT_TARGET = 17.2;
				LOCALIZATION_PREFERS_STRING_CATALOGS = YES;
				MTL_ENABLE_DEBUG_INFO = NO;
				MTL_FAST_MATH = YES;
				SDKROOT = iphoneos;
				SWIFT_COMPILATION_MODE = wholemodule;
				VALIDATE_PRODUCT = YES;
			};
			name = Release;
		};
		554A12BC2CA056000056B383 /* Debug */ = {
			isa = XCBuildConfiguration;
			buildSettings = {
				ASSETCATALOG_COMPILER_APPICON_NAME = AppIcon;
				ASSETCATALOG_COMPILER_GLOBAL_ACCENT_COLOR_NAME = AccentColor;
				CODE_SIGN_STYLE = Automatic;
				CURRENT_PROJECT_VERSION = 1;
				DEVELOPMENT_ASSET_PATHS = "\"InspectAR/Preview Content\"";
				DEVELOPMENT_TEAM = B8YH45U55M;
				ENABLE_PREVIEWS = YES;
				GENERATE_INFOPLIST_FILE = YES;
				INFOPLIST_FILE = InspectAR/Info.plist;
				INFOPLIST_KEY_NSCameraUsageDescription = "";
				INFOPLIST_KEY_UIApplicationSupportsIndirectInputEvents = YES;
				INFOPLIST_KEY_UILaunchScreen_Generation = YES;
				INFOPLIST_KEY_UIRequiredDeviceCapabilities = arkit;
				INFOPLIST_KEY_UIStatusBarHidden = YES;
				INFOPLIST_KEY_UISupportedInterfaceOrientations_iPad = "UIInterfaceOrientationPortrait UIInterfaceOrientationPortraitUpsideDown UIInterfaceOrientationLandscapeLeft UIInterfaceOrientationLandscapeRight";
				INFOPLIST_KEY_UISupportedInterfaceOrientations_iPhone = "UIInterfaceOrientationPortrait UIInterfaceOrientationLandscapeLeft UIInterfaceOrientationLandscapeRight";
				IPHONEOS_DEPLOYMENT_TARGET = 16.0;
				LD_RUNPATH_SEARCH_PATHS = (
					"$(inherited)",
					"@executable_path/Frameworks",
				);
				MARKETING_VERSION = 1.0;
				PRODUCT_BUNDLE_IDENTIFIER = com.hybrayhem.InspectAR;
				PRODUCT_NAME = "$(TARGET_NAME)";
				SWIFT_EMIT_LOC_STRINGS = YES;
				SWIFT_VERSION = 5.0;
				TARGETED_DEVICE_FAMILY = "1,2";
			};
			name = Debug;
		};
		554A12BD2CA056000056B383 /* Release */ = {
			isa = XCBuildConfiguration;
			buildSettings = {
				ASSETCATALOG_COMPILER_APPICON_NAME = AppIcon;
				ASSETCATALOG_COMPILER_GLOBAL_ACCENT_COLOR_NAME = AccentColor;
				CODE_SIGN_STYLE = Automatic;
				CURRENT_PROJECT_VERSION = 1;
				DEVELOPMENT_ASSET_PATHS = "\"InspectAR/Preview Content\"";
				DEVELOPMENT_TEAM = B8YH45U55M;
				ENABLE_PREVIEWS = YES;
				GENERATE_INFOPLIST_FILE = YES;
				INFOPLIST_FILE = InspectAR/Info.plist;
				INFOPLIST_KEY_NSCameraUsageDescription = "";
				INFOPLIST_KEY_UIApplicationSupportsIndirectInputEvents = YES;
				INFOPLIST_KEY_UILaunchScreen_Generation = YES;
				INFOPLIST_KEY_UIRequiredDeviceCapabilities = arkit;
				INFOPLIST_KEY_UIStatusBarHidden = YES;
				INFOPLIST_KEY_UISupportedInterfaceOrientations_iPad = "UIInterfaceOrientationPortrait UIInterfaceOrientationPortraitUpsideDown UIInterfaceOrientationLandscapeLeft UIInterfaceOrientationLandscapeRight";
				INFOPLIST_KEY_UISupportedInterfaceOrientations_iPhone = "UIInterfaceOrientationPortrait UIInterfaceOrientationLandscapeLeft UIInterfaceOrientationLandscapeRight";
				IPHONEOS_DEPLOYMENT_TARGET = 16.0;
				LD_RUNPATH_SEARCH_PATHS = (
					"$(inherited)",
					"@executable_path/Frameworks",
				);
				MARKETING_VERSION = 1.0;
				PRODUCT_BUNDLE_IDENTIFIER = com.hybrayhem.InspectAR;
				PRODUCT_NAME = "$(TARGET_NAME)";
				SWIFT_EMIT_LOC_STRINGS = YES;
				SWIFT_VERSION = 5.0;
				TARGETED_DEVICE_FAMILY = "1,2";
			};
			name = Release;
		};
/* End XCBuildConfiguration section */

/* Begin XCConfigurationList section */
		554A12A82CA055FF0056B383 /* Build configuration list for PBXProject "InspectAR" */ = {
			isa = XCConfigurationList;
			buildConfigurations = (
				554A12B92CA056000056B383 /* Debug */,
				554A12BA2CA056000056B383 /* Release */,
			);
			defaultConfigurationIsVisible = 0;
			defaultConfigurationName = Release;
		};
		554A12BB2CA056000056B383 /* Build configuration list for PBXNativeTarget "InspectAR" */ = {
			isa = XCConfigurationList;
			buildConfigurations = (
				554A12BC2CA056000056B383 /* Debug */,
				554A12BD2CA056000056B383 /* Release */,
			);
			defaultConfigurationIsVisible = 0;
			defaultConfigurationName = Release;
		};
/* End XCConfigurationList section */

/* Begin XCRemoteSwiftPackageReference section */
		554A12EA2CA433320056B383 /* XCRemoteSwiftPackageReference "Alamofire" */ = {
			isa = XCRemoteSwiftPackageReference;
			repositoryURL = "https://github.com/Alamofire/Alamofire";
			requirement = {
				kind = upToNextMajorVersion;
				minimumVersion = 5.9.1;
			};
		};
/* End XCRemoteSwiftPackageReference section */

/* Begin XCSwiftPackageProductDependency section */
		554A12EB2CA433320056B383 /* Alamofire */ = {
			isa = XCSwiftPackageProductDependency;
			package = 554A12EA2CA433320056B383 /* XCRemoteSwiftPackageReference "Alamofire" */;
			productName = Alamofire;
		};
/* End XCSwiftPackageProductDependency section */
	};
	rootObject = 554A12A52CA055FF0056B383 /* Project object */;
}
